
Microsoft Visual Studio Solution File, Format Version 12.00
# Visual Studio Version 16
VisualStudioVersion = 16.0.29609.76
MinimumVisualStudioVersion = 10.0.40219.1
Project("{FAE04EC0-301F-11D3-BF4B-00C04F79EFBC}") = "Final Project", "Final Project.csproj", "{C2F7B56C-38E6-45E1-8DD2-2509905D4605}"
EndProject
Global
	GlobalSection(SolutionConfigurationPlatforms) = preSolution
		Debug|Any CPU = Debug|Any CPU
		Release|Any CPU = Release|Any CPU
	EndGlobalSection
	GlobalSection(ProjectConfigurationPlatforms) = postSolution
		{C2F7B56C-38E6-45E1-8DD2-2509905D4605}.Debug|Any CPU.ActiveCfg = Debug|Any CPU
		{C2F7B56C-38E6-45E1-8DD2-2509905D4605}.Debug|Any CPU.Build.0 = Debug|Any CPU
		{C2F7B56C-38E6-45E1-8DD2-2509905D4605}.Release|Any CPU.ActiveCfg = Release|Any CPU
		{C2F7B56C-38E6-45E1-8DD2-2509905D4605}.Release|Any CPU.Build.0 = Release|Any CPU
	EndGlobalSection
	GlobalSection(SolutionProperties) = preSolution
		HideSolutionNode = FALSE
	EndGlobalSection
	GlobalSection(ExtensibilityGlobals) = postSolution
		SolutionGuid = {19CAA279-2039-45DD-8DB8-6CA7EA36CD2F}
	EndGlobalSection
EndGlobal
