
Microsoft Visual Studio Solution File, Format Version 12.00
# Visual Studio Version 16
VisualStudioVersion = 16.0.29209.62
MinimumVisualStudioVersion = 10.0.40219.1
Project("{FAE04EC0-301F-11D3-BF4B-00C04F79EFBC}") = "AccountTest", "AccountTest\AccountTest.csproj", "{C6C1F028-3E44-48C1-BF50-549C58B17123}"
EndProject
Global
	GlobalSection(SolutionConfigurationPlatforms) = preSolution
		Debug|Any CPU = Debug|Any CPU
		Release|Any CPU = Release|Any CPU
	EndGlobalSection
	GlobalSection(ProjectConfigurationPlatforms) = postSolution
		{C6C1F028-3E44-48C1-BF50-549C58B17123}.Debug|Any CPU.ActiveCfg = Debug|Any CPU
		{C6C1F028-3E44-48C1-BF50-549C58B17123}.Debug|Any CPU.Build.0 = Debug|Any CPU
		{C6C1F028-3E44-48C1-BF50-549C58B17123}.Release|Any CPU.ActiveCfg = Release|Any CPU
		{C6C1F028-3E44-48C1-BF50-549C58B17123}.Release|Any CPU.Build.0 = Release|Any CPU
	EndGlobalSection
	GlobalSection(SolutionProperties) = preSolution
		HideSolutionNode = FALSE
	EndGlobalSection
	GlobalSection(ExtensibilityGlobals) = postSolution
		SolutionGuid = {0761C40E-4DB9-4309-81DD-6CD348828D10}
	EndGlobalSection
EndGlobal
